
Microsoft Visual Studio Solution File, Format Version 12.00
# Visual Studio Version 17
VisualStudioVersion = 17.3.32922.545
MinimumVisualStudioVersion = 10.0.40219.1
Project("{9A19103F-16F7-4668-BE54-9A1E7A4F7556}") = "Solid.API", "Solid.API\Solid.API.csproj", "{11D90DA9-21E5-42B0-B602-C33D771C6FF2}"
EndProject
Project("{9A19103F-16F7-4668-BE54-9A1E7A4F7556}") = "Solid.Core", "Solid.Core\Solid.Core.csproj", "{F074BB2A-5CA3-4343-B57D-FEAFAA620060}"
EndProject
Project("{9A19103F-16F7-4668-BE54-9A1E7A4F7556}") = "Solid.Data", "Solid.Data\Solid.Data.csproj", "{F446CA3F-E2E9-471A-9BF8-BAC1AE04073C}"
EndProject
Project("{9A19103F-16F7-4668-BE54-9A1E7A4F7556}") = "Solid.Service", "Solid.Service\Solid.Service.csproj", "{253CD35D-7F99-44A7-86FB-61B36AE4A776}"
EndProject
Project("{2150E333-8FDC-42A3-9474-1A3956D46DE8}") = "Solution Items", "Solution Items", "{2A1354FF-E5EF-4676-A540-E076E30055E5}"
	ProjectSection(SolutionItems) = preProject
		.editorconfig = .editorconfig
	EndProjectSection
EndProject
Global
	GlobalSection(SolutionConfigurationPlatforms) = preSolution
		Debug|Any CPU = Debug|Any CPU
		Release|Any CPU = Release|Any CPU
	EndGlobalSection
	GlobalSection(ProjectConfigurationPlatforms) = postSolution
		{11D90DA9-21E5-42B0-B602-C33D771C6FF2}.Debug|Any CPU.ActiveCfg = Debug|Any CPU
		{11D90DA9-21E5-42B0-B602-C33D771C6FF2}.Debug|Any CPU.Build.0 = Debug|Any CPU
		{11D90DA9-21E5-42B0-B602-C33D771C6FF2}.Release|Any CPU.ActiveCfg = Release|Any CPU
		{11D90DA9-21E5-42B0-B602-C33D771C6FF2}.Release|Any CPU.Build.0 = Release|Any CPU
		{F074BB2A-5CA3-4343-B57D-FEAFAA620060}.Debug|Any CPU.ActiveCfg = Debug|Any CPU
		{F074BB2A-5CA3-4343-B57D-FEAFAA620060}.Debug|Any CPU.Build.0 = Debug|Any CPU
		{F074BB2A-5CA3-4343-B57D-FEAFAA620060}.Release|Any CPU.ActiveCfg = Release|Any CPU
		{F074BB2A-5CA3-4343-B57D-FEAFAA620060}.Release|Any CPU.Build.0 = Release|Any CPU
		{F446CA3F-E2E9-471A-9BF8-BAC1AE04073C}.Debug|Any CPU.ActiveCfg = Debug|Any CPU
		{F446CA3F-E2E9-471A-9BF8-BAC1AE04073C}.Debug|Any CPU.Build.0 = Debug|Any CPU
		{F446CA3F-E2E9-471A-9BF8-BAC1AE04073C}.Release|Any CPU.ActiveCfg = Release|Any CPU
		{F446CA3F-E2E9-471A-9BF8-BAC1AE04073C}.Release|Any CPU.Build.0 = Release|Any CPU
		{253CD35D-7F99-44A7-86FB-61B36AE4A776}.Debug|Any CPU.ActiveCfg = Debug|Any CPU
		{253CD35D-7F99-44A7-86FB-61B36AE4A776}.Debug|Any CPU.Build.0 = Debug|Any CPU
		{253CD35D-7F99-44A7-86FB-61B36AE4A776}.Release|Any CPU.ActiveCfg = Release|Any CPU
		{253CD35D-7F99-44A7-86FB-61B36AE4A776}.Release|Any CPU.Build.0 = Release|Any CPU
	EndGlobalSection
	GlobalSection(SolutionProperties) = preSolution
		HideSolutionNode = FALSE
	EndGlobalSection
	GlobalSection(ExtensibilityGlobals) = postSolution
		SolutionGuid = {64B7D2C8-D80A-49F6-B4A2-3BFC91615034}
	EndGlobalSection
EndGlobal
